<?xml version="1.0" encoding="utf-8"?>
<Project ToolsVersion="4.0" xmlns="http://schemas.microsoft.com/developer/msbuild/2003">
  <ItemGroup>
    <Filter Include="input">
      <UniqueIdentifier>{133628ff-4eed-4536-b5bb-57dd88d643c3}</UniqueIdentifier>
    </Filter>
    <Filter Include="src">
      <UniqueIdentifier>{4FC737F1-C7A5-4376-A066-2A32D752A2FF}</UniqueIdentifier>
      <Extensions>cpp;c;cc;cxx;c++;cppm;ixx;def;odl;idl;hpj;bat;asm;asmx</Extensions>
    </Filter>
  </ItemGroup>
  <ItemGroup>
    <ClCompile Include="main.cpp">
      <Filter>src</Filter>
    </ClCompile>
  </ItemGroup>
  <ItemGroup>
    <Text Include="input\day1.txt">
      <Filter>input</Filter>
    </Text>
    <Text Include="input\day2.txt">
      <Filter>input</Filter>
    </Text>
    <Text Include="input\day3.txt">
      <Filter>input</Filter>
    </Text>
    <Text Include="input\day4.txt">
      <Filter>input</Filter>
    </Text>
    <Text Include="input\day5.txt">
      <Filter>input</Filter>
    </Text>
    <Text Include="input\day7.txt">
      <Filter>input</Filter>
    </Text>
    <Text Include="input\day8.txt">
      <Filter>input</Filter>
    </Text>
    <Text Include="input\day9.txt">
      <Filter>input</Filter>
    </Text>
    <Text Include="input\day10.txt">
      <Filter>input</Filter>
    </Text>
    <Text Include="input\day11.txt">
      <Filter>input</Filter>
    </Text>
    <Text Include="input\day12.txt">
      <Filter>input</Filter>
    </Text>
    <Text Include="input\day13.txt">
      <Filter>input</Filter>
    </Text>
    <Text Include="input\day20.txt">
      <Filter>input</Filter>
    </Text>
    <Text Include="input\day21.txt">
      <Filter>input</Filter>
    </Text>
  </ItemGroup>
</Project>